
Microsoft Visual Studio Solution File, Format Version 12.00
# Visual Studio Version 17
VisualStudioVersion = 17.13.35825.156 d17.13
MinimumVisualStudioVersion = 10.0.40219.1
Project("{FAE04EC0-301F-11D3-BF4B-00C04F79EFBC}") = "ödev hesap makinesi", "ödev hesap makinesi\ödev hesap makinesi.csproj", "{774EBD54-BD39-4AA2-BCD7-6C3A5AE30BB6}"
EndProject
Global
	GlobalSection(SolutionConfigurationPlatforms) = preSolution
		Debug|Any CPU = Debug|Any CPU
		Release|Any CPU = Release|Any CPU
	EndGlobalSection
	GlobalSection(ProjectConfigurationPlatforms) = postSolution
		{774EBD54-BD39-4AA2-BCD7-6C3A5AE30BB6}.Debug|Any CPU.ActiveCfg = Debug|Any CPU
		{774EBD54-BD39-4AA2-BCD7-6C3A5AE30BB6}.Debug|Any CPU.Build.0 = Debug|Any CPU
		{774EBD54-BD39-4AA2-BCD7-6C3A5AE30BB6}.Release|Any CPU.ActiveCfg = Release|Any CPU
		{774EBD54-BD39-4AA2-BCD7-6C3A5AE30BB6}.Release|Any CPU.Build.0 = Release|Any CPU
	EndGlobalSection
	GlobalSection(SolutionProperties) = preSolution
		HideSolutionNode = FALSE
	EndGlobalSection
	GlobalSection(ExtensibilityGlobals) = postSolution
		SolutionGuid = {2C77A932-5A45-4FA1-BF83-9BD71BAA63CF}
	EndGlobalSection
EndGlobal
